
Microsoft Visual Studio Solution File, Format Version 12.00
# Visual Studio 15
VisualStudioVersion = 15.0.27703.2026
MinimumVisualStudioVersion = 10.0.40219.1
Project("{FAE04EC0-301F-11D3-BF4B-00C04F79EFBC}") = "DepedencyInjectionTutorial.Android", "DepedencyInjectionTutorial\DepedencyInjectionTutorial.Android\DepedencyInjectionTutorial.Android.csproj", "{62F5CD8A-118E-4143-B6AD-A588A18A4489}"
EndProject
Project("{FAE04EC0-301F-11D3-BF4B-00C04F79EFBC}") = "DepedencyInjectionTutorial.iOS", "DepedencyInjectionTutorial\DepedencyInjectionTutorial.iOS\DepedencyInjectionTutorial.iOS.csproj", "{D896353C-3F0C-479C-AFF0-EA88479BEFD2}"
EndProject
Project("{FAE04EC0-301F-11D3-BF4B-00C04F79EFBC}") = "DepedencyInjectionTutorial.UWP", "DepedencyInjectionTutorial\DepedencyInjectionTutorial.UWP\DepedencyInjectionTutorial.UWP.csproj", "{8377C214-1990-4C89-B71F-01B4A04B28B1}"
EndProject
Project("{FAE04EC0-301F-11D3-BF4B-00C04F79EFBC}") = "DepedencyInjectionTutorial", "DepedencyInjectionTutorial\DepedencyInjectionTutorial\DepedencyInjectionTutorial.csproj", "{211BBD4B-91A6-492C-B61B-86608E85C6CC}"
EndProject
Global
	GlobalSection(SolutionConfigurationPlatforms) = preSolution
		Ad-Hoc|Any CPU = Ad-Hoc|Any CPU
		Ad-Hoc|ARM = Ad-Hoc|ARM
		Ad-Hoc|iPhone = Ad-Hoc|iPhone
		Ad-Hoc|iPhoneSimulator = Ad-Hoc|iPhoneSimulator
		Ad-Hoc|x64 = Ad-Hoc|x64
		Ad-Hoc|x86 = Ad-Hoc|x86
		AppStore|Any CPU = AppStore|Any CPU
		AppStore|ARM = AppStore|ARM
		AppStore|iPhone = AppStore|iPhone
		AppStore|iPhoneSimulator = AppStore|iPhoneSimulator
		AppStore|x64 = AppStore|x64
		AppStore|x86 = AppStore|x86
		Debug|Any CPU = Debug|Any CPU
		Debug|ARM = Debug|ARM
		Debug|iPhone = Debug|iPhone
		Debug|iPhoneSimulator = Debug|iPhoneSimulator
		Debug|x64 = Debug|x64
		Debug|x86 = Debug|x86
		Release|Any CPU = Release|Any CPU
		Release|ARM = Release|ARM
		Release|iPhone = Release|iPhone
		Release|iPhoneSimulator = Release|iPhoneSimulator
		Release|x64 = Release|x64
		Release|x86 = Release|x86
	EndGlobalSection
	GlobalSection(ProjectConfigurationPlatforms) = postSolution
		{62F5CD8A-118E-4143-B6AD-A588A18A4489}.Ad-Hoc|Any CPU.ActiveCfg = Release|Any CPU
		{62F5CD8A-118E-4143-B6AD-A588A18A4489}.Ad-Hoc|Any CPU.Build.0 = Release|Any CPU
		{62F5CD8A-118E-4143-B6AD-A588A18A4489}.Ad-Hoc|Any CPU.Deploy.0 = Release|Any CPU
		{62F5CD8A-118E-4143-B6AD-A588A18A4489}.Ad-Hoc|ARM.ActiveCfg = Release|Any CPU
		{62F5CD8A-118E-4143-B6AD-A588A18A4489}.Ad-Hoc|ARM.Build.0 = Release|Any CPU
		{62F5CD8A-118E-4143-B6AD-A588A18A4489}.Ad-Hoc|ARM.Deploy.0 = Release|Any CPU
		{62F5CD8A-118E-4143-B6AD-A588A18A4489}.Ad-Hoc|iPhone.ActiveCfg = Release|Any CPU
		{62F5CD8A-118E-4143-B6AD-A588A18A4489}.Ad-Hoc|iPhone.Build.0 = Release|Any CPU
		{62F5CD8A-118E-4143-B6AD-A588A18A4489}.Ad-Hoc|iPhone.Deploy.0 = Release|Any CPU
		{62F5CD8A-118E-4143-B6AD-A588A18A4489}.Ad-Hoc|iPhoneSimulator.ActiveCfg = Release|Any CPU
		{62F5CD8A-118E-4143-B6AD-A588A18A4489}.Ad-Hoc|iPhoneSimulator.Build.0 = Release|Any CPU
		{62F5CD8A-118E-4143-B6AD-A588A18A4489}.Ad-Hoc|iPhoneSimulator.Deploy.0 = Release|Any CPU
		{62F5CD8A-118E-4143-B6AD-A588A18A4489}.Ad-Hoc|x64.ActiveCfg = Release|Any CPU
		{62F5CD8A-118E-4143-B6AD-A588A18A4489}.Ad-Hoc|x64.Build.0 = Release|Any CPU
		{62F5CD8A-118E-4143-B6AD-A588A18A4489}.Ad-Hoc|x64.Deploy.0 = Release|Any CPU
		{62F5CD8A-118E-4143-B6AD-A588A18A4489}.Ad-Hoc|x86.ActiveCfg = Release|Any CPU
		{62F5CD8A-118E-4143-B6AD-A588A18A4489}.Ad-Hoc|x86.Build.0 = Release|Any CPU
		{62F5CD8A-118E-4143-B6AD-A588A18A4489}.Ad-Hoc|x86.Deploy.0 = Release|Any CPU
		{62F5CD8A-118E-4143-B6AD-A588A18A4489}.AppStore|Any CPU.ActiveCfg = Release|Any CPU
		{62F5CD8A-118E-4143-B6AD-A588A18A4489}.AppStore|Any CPU.Build.0 = Release|Any CPU
		{62F5CD8A-118E-4143-B6AD-A588A18A4489}.AppStore|Any CPU.Deploy.0 = Release|Any CPU
		{62F5CD8A-118E-4143-B6AD-A588A18A4489}.AppStore|ARM.ActiveCfg = Release|Any CPU
		{62F5CD8A-118E-4143-B6AD-A588A18A4489}.AppStore|ARM.Build.0 = Release|Any CPU
		{62F5CD8A-118E-4143-B6AD-A588A18A4489}.AppStore|ARM.Deploy.0 = Release|Any CPU
		{62F5CD8A-118E-4143-B6AD-A588A18A4489}.AppStore|iPhone.ActiveCfg = Release|Any CPU
		{62F5CD8A-118E-4143-B6AD-A588A18A4489}.AppStore|iPhone.Build.0 = Release|Any CPU
		{62F5CD8A-118E-4143-B6AD-A588A18A4489}.AppStore|iPhone.Deploy.0 = Release|Any CPU
		{62F5CD8A-118E-4143-B6AD-A588A18A4489}.AppStore|iPhoneSimulator.ActiveCfg = Release|Any CPU
		{62F5CD8A-118E-4143-B6AD-A588A18A4489}.AppStore|iPhoneSimulator.Build.0 = Release|Any CPU
		{62F5CD8A-118E-4143-B6AD-A588A18A4489}.AppStore|iPhoneSimulator.Deploy.0 = Release|Any CPU
		{62F5CD8A-118E-4143-B6AD-A588A18A4489}.AppStore|x64.ActiveCfg = Release|Any CPU
		{62F5CD8A-118E-4143-B6AD-A588A18A4489}.AppStore|x64.Build.0 = Release|Any CPU
		{62F5CD8A-118E-4143-B6AD-A588A18A4489}.AppStore|x64.Deploy.0 = Release|Any CPU
		{62F5CD8A-118E-4143-B6AD-A588A18A4489}.AppStore|x86.ActiveCfg = Release|Any CPU
		{62F5CD8A-118E-4143-B6AD-A588A18A4489}.AppStore|x86.Build.0 = Release|Any CPU
		{62F5CD8A-118E-4143-B6AD-A588A18A4489}.AppStore|x86.Deploy.0 = Release|Any CPU
		{62F5CD8A-118E-4143-B6AD-A588A18A4489}.Debug|Any CPU.ActiveCfg = Debug|Any CPU
		{62F5CD8A-118E-4143-B6AD-A588A18A4489}.Debug|Any CPU.Build.0 = Debug|Any CPU
		{62F5CD8A-118E-4143-B6AD-A588A18A4489}.Debug|Any CPU.Deploy.0 = Debug|Any CPU
		{62F5CD8A-118E-4143-B6AD-A588A18A4489}.Debug|ARM.ActiveCfg = Debug|Any CPU
		{62F5CD8A-118E-4143-B6AD-A588A18A4489}.Debug|ARM.Build.0 = Debug|Any CPU
		{62F5CD8A-118E-4143-B6AD-A588A18A4489}.Debug|ARM.Deploy.0 = Debug|Any CPU
		{62F5CD8A-118E-4143-B6AD-A588A18A4489}.Debug|iPhone.ActiveCfg = Debug|Any CPU
		{62F5CD8A-118E-4143-B6AD-A588A18A4489}.Debug|iPhone.Build.0 = Debug|Any CPU
		{62F5CD8A-118E-4143-B6AD-A588A18A4489}.Debug|iPhone.Deploy.0 = Debug|Any CPU
		{62F5CD8A-118E-4143-B6AD-A588A18A4489}.Debug|iPhoneSimulator.ActiveCfg = Debug|Any CPU
		{62F5CD8A-118E-4143-B6AD-A588A18A4489}.Debug|iPhoneSimulator.Build.0 = Debug|Any CPU
		{62F5CD8A-118E-4143-B6AD-A588A18A4489}.Debug|iPhoneSimulator.Deploy.0 = Debug|Any CPU
		{62F5CD8A-118E-4143-B6AD-A588A18A4489}.Debug|x64.ActiveCfg = Debug|Any CPU
		{62F5CD8A-118E-4143-B6AD-A588A18A4489}.Debug|x64.Build.0 = Debug|Any CPU
		{62F5CD8A-118E-4143-B6AD-A588A18A4489}.Debug|x64.Deploy.0 = Debug|Any CPU
		{62F5CD8A-118E-4143-B6AD-A588A18A4489}.Debug|x86.ActiveCfg = Debug|Any CPU
		{62F5CD8A-118E-4143-B6AD-A588A18A4489}.Debug|x86.Build.0 = Debug|Any CPU
		{62F5CD8A-118E-4143-B6AD-A588A18A4489}.Debug|x86.Deploy.0 = Debug|Any CPU
		{62F5CD8A-118E-4143-B6AD-A588A18A4489}.Release|Any CPU.ActiveCfg = Release|Any CPU
		{62F5CD8A-118E-4143-B6AD-A588A18A4489}.Release|Any CPU.Build.0 = Release|Any CPU
		{62F5CD8A-118E-4143-B6AD-A588A18A4489}.Release|Any CPU.Deploy.0 = Release|Any CPU
		{62F5CD8A-118E-4143-B6AD-A588A18A4489}.Release|ARM.ActiveCfg = Release|Any CPU
		{62F5CD8A-118E-4143-B6AD-A588A18A4489}.Release|ARM.Build.0 = Release|Any CPU
		{62F5CD8A-118E-4143-B6AD-A588A18A4489}.Release|ARM.Deploy.0 = Release|Any CPU
		{62F5CD8A-118E-4143-B6AD-A588A18A4489}.Release|iPhone.ActiveCfg = Release|Any CPU
		{62F5CD8A-118E-4143-B6AD-A588A18A4489}.Release|iPhone.Build.0 = Release|Any CPU
		{62F5CD8A-118E-4143-B6AD-A588A18A4489}.Release|iPhone.Deploy.0 = Release|Any CPU
		{62F5CD8A-118E-4143-B6AD-A588A18A4489}.Release|iPhoneSimulator.ActiveCfg = Release|Any CPU
		{62F5CD8A-118E-4143-B6AD-A588A18A4489}.Release|iPhoneSimulator.Build.0 = Release|Any CPU
		{62F5CD8A-118E-4143-B6AD-A588A18A4489}.Release|iPhoneSimulator.Deploy.0 = Release|Any CPU
		{62F5CD8A-118E-4143-B6AD-A588A18A4489}.Release|x64.ActiveCfg = Release|Any CPU
		{62F5CD8A-118E-4143-B6AD-A588A18A4489}.Release|x64.Build.0 = Release|Any CPU
		{62F5CD8A-118E-4143-B6AD-A588A18A4489}.Release|x64.Deploy.0 = Release|Any CPU
		{62F5CD8A-118E-4143-B6AD-A588A18A4489}.Release|x86.ActiveCfg = Release|Any CPU
		{62F5CD8A-118E-4143-B6AD-A588A18A4489}.Release|x86.Build.0 = Release|Any CPU
		{62F5CD8A-118E-4143-B6AD-A588A18A4489}.Release|x86.Deploy.0 = Release|Any CPU
		{D896353C-3F0C-479C-AFF0-EA88479BEFD2}.Ad-Hoc|Any CPU.ActiveCfg = Ad-Hoc|iPhone
		{D896353C-3F0C-479C-AFF0-EA88479BEFD2}.Ad-Hoc|Any CPU.Build.0 = Ad-Hoc|iPhone
		{D896353C-3F0C-479C-AFF0-EA88479BEFD2}.Ad-Hoc|Any CPU.Deploy.0 = Ad-Hoc|iPhone
		{D896353C-3F0C-479C-AFF0-EA88479BEFD2}.Ad-Hoc|ARM.ActiveCfg = Ad-Hoc|iPhone
		{D896353C-3F0C-479C-AFF0-EA88479BEFD2}.Ad-Hoc|ARM.Build.0 = Ad-Hoc|iPhone
		{D896353C-3F0C-479C-AFF0-EA88479BEFD2}.Ad-Hoc|ARM.Deploy.0 = Ad-Hoc|iPhone
		{D896353C-3F0C-479C-AFF0-EA88479BEFD2}.Ad-Hoc|iPhone.ActiveCfg = Ad-Hoc|iPhone
		{D896353C-3F0C-479C-AFF0-EA88479BEFD2}.Ad-Hoc|iPhone.Build.0 = Ad-Hoc|iPhone
		{D896353C-3F0C-479C-AFF0-EA88479BEFD2}.Ad-Hoc|iPhone.Deploy.0 = Ad-Hoc|iPhone
		{D896353C-3F0C-479C-AFF0-EA88479BEFD2}.Ad-Hoc|iPhoneSimulator.ActiveCfg = Ad-Hoc|iPhoneSimulator
		{D896353C-3F0C-479C-AFF0-EA88479BEFD2}.Ad-Hoc|iPhoneSimulator.Build.0 = Ad-Hoc|iPhoneSimulator
		{D896353C-3F0C-479C-AFF0-EA88479BEFD2}.Ad-Hoc|iPhoneSimulator.Deploy.0 = Ad-Hoc|iPhoneSimulator
		{D896353C-3F0C-479C-AFF0-EA88479BEFD2}.Ad-Hoc|x64.ActiveCfg = Ad-Hoc|iPhone
		{D896353C-3F0C-479C-AFF0-EA88479BEFD2}.Ad-Hoc|x64.Build.0 = Ad-Hoc|iPhone
		{D896353C-3F0C-479C-AFF0-EA88479BEFD2}.Ad-Hoc|x64.Deploy.0 = Ad-Hoc|iPhone
		{D896353C-3F0C-479C-AFF0-EA88479BEFD2}.Ad-Hoc|x86.ActiveCfg = Ad-Hoc|iPhone
		{D896353C-3F0C-479C-AFF0-EA88479BEFD2}.Ad-Hoc|x86.Build.0 = Ad-Hoc|iPhone
		{D896353C-3F0C-479C-AFF0-EA88479BEFD2}.Ad-Hoc|x86.Deploy.0 = Ad-Hoc|iPhone
		{D896353C-3F0C-479C-AFF0-EA88479BEFD2}.AppStore|Any CPU.ActiveCfg = AppStore|iPhone
		{D896353C-3F0C-479C-AFF0-EA88479BEFD2}.AppStore|Any CPU.Build.0 = AppStore|iPhone
		{D896353C-3F0C-479C-AFF0-EA88479BEFD2}.AppStore|Any CPU.Deploy.0 = AppStore|iPhone
		{D896353C-3F0C-479C-AFF0-EA88479BEFD2}.AppStore|ARM.ActiveCfg = AppStore|iPhone
		{D896353C-3F0C-479C-AFF0-EA88479BEFD2}.AppStore|ARM.Build.0 = AppStore|iPhone
		{D896353C-3F0C-479C-AFF0-EA88479BEFD2}.AppStore|ARM.Deploy.0 = AppStore|iPhone
		{D896353C-3F0C-479C-AFF0-EA88479BEFD2}.AppStore|iPhone.ActiveCfg = AppStore|iPhone
		{D896353C-3F0C-479C-AFF0-EA88479BEFD2}.AppStore|iPhone.Build.0 = AppStore|iPhone
		{D896353C-3F0C-479C-AFF0-EA88479BEFD2}.AppStore|iPhone.Deploy.0 = AppStore|iPhone
		{D896353C-3F0C-479C-AFF0-EA88479BEFD2}.AppStore|iPhoneSimulator.ActiveCfg = AppStore|iPhoneSimulator
		{D896353C-3F0C-479C-AFF0-EA88479BEFD2}.AppStore|iPhoneSimulator.Build.0 = AppStore|iPhoneSimulator
		{D896353C-3F0C-479C-AFF0-EA88479BEFD2}.AppStore|iPhoneSimulator.Deploy.0 = AppStore|iPhoneSimulator
		{D896353C-3F0C-479C-AFF0-EA88479BEFD2}.AppStore|x64.ActiveCfg = AppStore|iPhone
		{D896353C-3F0C-479C-AFF0-EA88479BEFD2}.AppStore|x64.Build.0 = AppStore|iPhone
		{D896353C-3F0C-479C-AFF0-EA88479BEFD2}.AppStore|x64.Deploy.0 = AppStore|iPhone
		{D896353C-3F0C-479C-AFF0-EA88479BEFD2}.AppStore|x86.ActiveCfg = AppStore|iPhone
		{D896353C-3F0C-479C-AFF0-EA88479BEFD2}.AppStore|x86.Build.0 = AppStore|iPhone
		{D896353C-3F0C-479C-AFF0-EA88479BEFD2}.AppStore|x86.Deploy.0 = AppStore|iPhone
		{D896353C-3F0C-479C-AFF0-EA88479BEFD2}.Debug|Any CPU.ActiveCfg = Debug|iPhoneSimulator
		{D896353C-3F0C-479C-AFF0-EA88479BEFD2}.Debug|Any CPU.Build.0 = Debug|iPhoneSimulator
		{D896353C-3F0C-479C-AFF0-EA88479BEFD2}.Debug|Any CPU.Deploy.0 = Debug|iPhoneSimulator
		{D896353C-3F0C-479C-AFF0-EA88479BEFD2}.Debug|ARM.ActiveCfg = Debug|iPhone
		{D896353C-3F0C-479C-AFF0-EA88479BEFD2}.Debug|ARM.Build.0 = Debug|iPhone
		{D896353C-3F0C-479C-AFF0-EA88479BEFD2}.Debug|ARM.Deploy.0 = Debug|iPhone
		{D896353C-3F0C-479C-AFF0-EA88479BEFD2}.Debug|iPhone.ActiveCfg = Debug|iPhone
		{D896353C-3F0C-479C-AFF0-EA88479BEFD2}.Debug|iPhone.Build.0 = Debug|iPhone
		{D896353C-3F0C-479C-AFF0-EA88479BEFD2}.Debug|iPhone.Deploy.0 = Debug|iPhone
		{D896353C-3F0C-479C-AFF0-EA88479BEFD2}.Debug|iPhoneSimulator.ActiveCfg = Debug|iPhoneSimulator
		{D896353C-3F0C-479C-AFF0-EA88479BEFD2}.Debug|iPhoneSimulator.Build.0 = Debug|iPhoneSimulator
		{D896353C-3F0C-479C-AFF0-EA88479BEFD2}.Debug|iPhoneSimulator.Deploy.0 = Debug|iPhoneSimulator
		{D896353C-3F0C-479C-AFF0-EA88479BEFD2}.Debug|x64.ActiveCfg = Debug|iPhone
		{D896353C-3F0C-479C-AFF0-EA88479BEFD2}.Debug|x64.Build.0 = Debug|iPhone
		{D896353C-3F0C-479C-AFF0-EA88479BEFD2}.Debug|x64.Deploy.0 = Debug|iPhone
		{D896353C-3F0C-479C-AFF0-EA88479BEFD2}.Debug|x86.ActiveCfg = Debug|iPhone
		{D896353C-3F0C-479C-AFF0-EA88479BEFD2}.Debug|x86.Build.0 = Debug|iPhone
		{D896353C-3F0C-479C-AFF0-EA88479BEFD2}.Debug|x86.Deploy.0 = Debug|iPhone
		{D896353C-3F0C-479C-AFF0-EA88479BEFD2}.Release|Any CPU.ActiveCfg = Release|iPhone
		{D896353C-3F0C-479C-AFF0-EA88479BEFD2}.Release|Any CPU.Build.0 = Release|iPhone
		{D896353C-3F0C-479C-AFF0-EA88479BEFD2}.Release|Any CPU.Deploy.0 = Release|iPhone
		{D896353C-3F0C-479C-AFF0-EA88479BEFD2}.Release|ARM.ActiveCfg = Release|iPhone
		{D896353C-3F0C-479C-AFF0-EA88479BEFD2}.Release|ARM.Build.0 = Release|iPhone
		{D896353C-3F0C-479C-AFF0-EA88479BEFD2}.Release|ARM.Deploy.0 = Release|iPhone
		{D896353C-3F0C-479C-AFF0-EA88479BEFD2}.Release|iPhone.ActiveCfg = Release|iPhone
		{D896353C-3F0C-479C-AFF0-EA88479BEFD2}.Release|iPhone.Build.0 = Release|iPhone
		{D896353C-3F0C-479C-AFF0-EA88479BEFD2}.Release|iPhone.Deploy.0 = Release|iPhone
		{D896353C-3F0C-479C-AFF0-EA88479BEFD2}.Release|iPhoneSimulator.ActiveCfg = Release|iPhoneSimulator
		{D896353C-3F0C-479C-AFF0-EA88479BEFD2}.Release|iPhoneSimulator.Build.0 = Release|iPhoneSimulator
		{D896353C-3F0C-479C-AFF0-EA88479BEFD2}.Release|iPhoneSimulator.Deploy.0 = Release|iPhoneSimulator
		{D896353C-3F0C-479C-AFF0-EA88479BEFD2}.Release|x64.ActiveCfg = Release|iPhone
		{D896353C-3F0C-479C-AFF0-EA88479BEFD2}.Release|x64.Build.0 = Release|iPhone
		{D896353C-3F0C-479C-AFF0-EA88479BEFD2}.Release|x64.Deploy.0 = Release|iPhone
		{D896353C-3F0C-479C-AFF0-EA88479BEFD2}.Release|x86.ActiveCfg = Release|iPhone
		{D896353C-3F0C-479C-AFF0-EA88479BEFD2}.Release|x86.Build.0 = Release|iPhone
		{D896353C-3F0C-479C-AFF0-EA88479BEFD2}.Release|x86.Deploy.0 = Release|iPhone
		{8377C214-1990-4C89-B71F-01B4A04B28B1}.Ad-Hoc|Any CPU.ActiveCfg = Release|x86
		{8377C214-1990-4C89-B71F-01B4A04B28B1}.Ad-Hoc|Any CPU.Build.0 = Release|x86
		{8377C214-1990-4C89-B71F-01B4A04B28B1}.Ad-Hoc|Any CPU.Deploy.0 = Release|x86
		{8377C214-1990-4C89-B71F-01B4A04B28B1}.Ad-Hoc|ARM.ActiveCfg = Release|ARM
		{8377C214-1990-4C89-B71F-01B4A04B28B1}.Ad-Hoc|ARM.Build.0 = Release|ARM
		{8377C214-1990-4C89-B71F-01B4A04B28B1}.Ad-Hoc|ARM.Deploy.0 = Release|ARM
		{8377C214-1990-4C89-B71F-01B4A04B28B1}.Ad-Hoc|iPhone.ActiveCfg = Release|x86
		{8377C214-1990-4C89-B71F-01B4A04B28B1}.Ad-Hoc|iPhone.Build.0 = Release|x86
		{8377C214-1990-4C89-B71F-01B4A04B28B1}.Ad-Hoc|iPhone.Deploy.0 = Release|x86
		{8377C214-1990-4C89-B71F-01B4A04B28B1}.Ad-Hoc|iPhoneSimulator.ActiveCfg = Release|x86
		{8377C214-1990-4C89-B71F-01B4A04B28B1}.Ad-Hoc|iPhoneSimulator.Build.0 = Release|x86
		{8377C214-1990-4C89-B71F-01B4A04B28B1}.Ad-Hoc|iPhoneSimulator.Deploy.0 = Release|x86
		{8377C214-1990-4C89-B71F-01B4A04B28B1}.Ad-Hoc|x64.ActiveCfg = Release|x64
		{8377C214-1990-4C89-B71F-01B4A04B28B1}.Ad-Hoc|x64.Build.0 = Release|x64
		{8377C214-1990-4C89-B71F-01B4A04B28B1}.Ad-Hoc|x64.Deploy.0 = Release|x64
		{8377C214-1990-4C89-B71F-01B4A04B28B1}.Ad-Hoc|x86.ActiveCfg = Release|x86
		{8377C214-1990-4C89-B71F-01B4A04B28B1}.Ad-Hoc|x86.Build.0 = Release|x86
		{8377C214-1990-4C89-B71F-01B4A04B28B1}.Ad-Hoc|x86.Deploy.0 = Release|x86
		{8377C214-1990-4C89-B71F-01B4A04B28B1}.AppStore|Any CPU.ActiveCfg = Release|x86
		{8377C214-1990-4C89-B71F-01B4A04B28B1}.AppStore|Any CPU.Build.0 = Release|x86
		{8377C214-1990-4C89-B71F-01B4A04B28B1}.AppStore|Any CPU.Deploy.0 = Release|x86
		{8377C214-1990-4C89-B71F-01B4A04B28B1}.AppStore|ARM.ActiveCfg = Release|ARM
		{8377C214-1990-4C89-B71F-01B4A04B28B1}.AppStore|ARM.Build.0 = Release|ARM
		{8377C214-1990-4C89-B71F-01B4A04B28B1}.AppStore|ARM.Deploy.0 = Release|ARM
		{8377C214-1990-4C89-B71F-01B4A04B28B1}.AppStore|iPhone.ActiveCfg = Release|x86
		{8377C214-1990-4C89-B71F-01B4A04B28B1}.AppStore|iPhone.Build.0 = Release|x86
		{8377C214-1990-4C89-B71F-01B4A04B28B1}.AppStore|iPhone.Deploy.0 = Release|x86
		{8377C214-1990-4C89-B71F-01B4A04B28B1}.AppStore|iPhoneSimulator.ActiveCfg = Release|x86
		{8377C214-1990-4C89-B71F-01B4A04B28B1}.AppStore|iPhoneSimulator.Build.0 = Release|x86
		{8377C214-1990-4C89-B71F-01B4A04B28B1}.AppStore|iPhoneSimulator.Deploy.0 = Release|x86
		{8377C214-1990-4C89-B71F-01B4A04B28B1}.AppStore|x64.ActiveCfg = Release|x64
		{8377C214-1990-4C89-B71F-01B4A04B28B1}.AppStore|x64.Build.0 = Release|x64
		{8377C214-1990-4C89-B71F-01B4A04B28B1}.AppStore|x64.Deploy.0 = Release|x64
		{8377C214-1990-4C89-B71F-01B4A04B28B1}.AppStore|x86.ActiveCfg = Release|x86
		{8377C214-1990-4C89-B71F-01B4A04B28B1}.AppStore|x86.Build.0 = Release|x86
		{8377C214-1990-4C89-B71F-01B4A04B28B1}.AppStore|x86.Deploy.0 = Release|x86
		{8377C214-1990-4C89-B71F-01B4A04B28B1}.Debug|Any CPU.ActiveCfg = Debug|x86
		{8377C214-1990-4C89-B71F-01B4A04B28B1}.Debug|Any CPU.Build.0 = Debug|x86
		{8377C214-1990-4C89-B71F-01B4A04B28B1}.Debug|Any CPU.Deploy.0 = Debug|x86
		{8377C214-1990-4C89-B71F-01B4A04B28B1}.Debug|ARM.ActiveCfg = Debug|ARM
		{8377C214-1990-4C89-B71F-01B4A04B28B1}.Debug|ARM.Build.0 = Debug|ARM
		{8377C214-1990-4C89-B71F-01B4A04B28B1}.Debug|ARM.Deploy.0 = Debug|ARM
		{8377C214-1990-4C89-B71F-01B4A04B28B1}.Debug|iPhone.ActiveCfg = Debug|x86
		{8377C214-1990-4C89-B71F-01B4A04B28B1}.Debug|iPhone.Build.0 = Debug|x86
		{8377C214-1990-4C89-B71F-01B4A04B28B1}.Debug|iPhone.Deploy.0 = Debug|x86
		{8377C214-1990-4C89-B71F-01B4A04B28B1}.Debug|iPhoneSimulator.ActiveCfg = Debug|x86
		{8377C214-1990-4C89-B71F-01B4A04B28B1}.Debug|iPhoneSimulator.Build.0 = Debug|x86
		{8377C214-1990-4C89-B71F-01B4A04B28B1}.Debug|iPhoneSimulator.Deploy.0 = Debug|x86
		{8377C214-1990-4C89-B71F-01B4A04B28B1}.Debug|x64.ActiveCfg = Debug|x64
		{8377C214-1990-4C89-B71F-01B4A04B28B1}.Debug|x64.Build.0 = Debug|x64
		{8377C214-1990-4C89-B71F-01B4A04B28B1}.Debug|x64.Deploy.0 = Debug|x64
		{8377C214-1990-4C89-B71F-01B4A04B28B1}.Debug|x86.ActiveCfg = Debug|x86
		{8377C214-1990-4C89-B71F-01B4A04B28B1}.Debug|x86.Build.0 = Debug|x86
		{8377C214-1990-4C89-B71F-01B4A04B28B1}.Debug|x86.Deploy.0 = Debug|x86
		{8377C214-1990-4C89-B71F-01B4A04B28B1}.Release|Any CPU.ActiveCfg = Release|x86
		{8377C214-1990-4C89-B71F-01B4A04B28B1}.Release|Any CPU.Build.0 = Release|x86
		{8377C214-1990-4C89-B71F-01B4A04B28B1}.Release|Any CPU.Deploy.0 = Release|x86
		{8377C214-1990-4C89-B71F-01B4A04B28B1}.Release|ARM.ActiveCfg = Release|ARM
		{8377C214-1990-4C89-B71F-01B4A04B28B1}.Release|ARM.Build.0 = Release|ARM
		{8377C214-1990-4C89-B71F-01B4A04B28B1}.Release|ARM.Deploy.0 = Release|ARM
		{8377C214-1990-4C89-B71F-01B4A04B28B1}.Release|iPhone.ActiveCfg = Release|x86
		{8377C214-1990-4C89-B71F-01B4A04B28B1}.Release|iPhone.Build.0 = Release|x86
		{8377C214-1990-4C89-B71F-01B4A04B28B1}.Release|iPhone.Deploy.0 = Release|x86
		{8377C214-1990-4C89-B71F-01B4A04B28B1}.Release|iPhoneSimulator.ActiveCfg = Release|x86
		{8377C214-1990-4C89-B71F-01B4A04B28B1}.Release|iPhoneSimulator.Build.0 = Release|x86
		{8377C214-1990-4C89-B71F-01B4A04B28B1}.Release|iPhoneSimulator.Deploy.0 = Release|x86
		{8377C214-1990-4C89-B71F-01B4A04B28B1}.Release|x64.ActiveCfg = Release|x64
		{8377C214-1990-4C89-B71F-01B4A04B28B1}.Release|x64.Build.0 = Release|x64
		{8377C214-1990-4C89-B71F-01B4A04B28B1}.Release|x64.Deploy.0 = Release|x64
		{8377C214-1990-4C89-B71F-01B4A04B28B1}.Release|x86.ActiveCfg = Release|x86
		{8377C214-1990-4C89-B71F-01B4A04B28B1}.Release|x86.Build.0 = Release|x86
		{8377C214-1990-4C89-B71F-01B4A04B28B1}.Release|x86.Deploy.0 = Release|x86
		{211BBD4B-91A6-492C-B61B-86608E85C6CC}.Ad-Hoc|Any CPU.ActiveCfg = Debug|Any CPU
		{211BBD4B-91A6-492C-B61B-86608E85C6CC}.Ad-Hoc|Any CPU.Build.0 = Debug|Any CPU
		{211BBD4B-91A6-492C-B61B-86608E85C6CC}.Ad-Hoc|Any CPU.Deploy.0 = Debug|Any CPU
		{211BBD4B-91A6-492C-B61B-86608E85C6CC}.Ad-Hoc|ARM.ActiveCfg = Debug|Any CPU
		{211BBD4B-91A6-492C-B61B-86608E85C6CC}.Ad-Hoc|ARM.Build.0 = Debug|Any CPU
		{211BBD4B-91A6-492C-B61B-86608E85C6CC}.Ad-Hoc|ARM.Deploy.0 = Debug|Any CPU
		{211BBD4B-91A6-492C-B61B-86608E85C6CC}.Ad-Hoc|iPhone.ActiveCfg = Debug|Any CPU
		{211BBD4B-91A6-492C-B61B-86608E85C6CC}.Ad-Hoc|iPhone.Build.0 = Debug|Any CPU
		{211BBD4B-91A6-492C-B61B-86608E85C6CC}.Ad-Hoc|iPhone.Deploy.0 = Debug|Any CPU
		{211BBD4B-91A6-492C-B61B-86608E85C6CC}.Ad-Hoc|iPhoneSimulator.ActiveCfg = Debug|Any CPU
		{211BBD4B-91A6-492C-B61B-86608E85C6CC}.Ad-Hoc|iPhoneSimulator.Build.0 = Debug|Any CPU
		{211BBD4B-91A6-492C-B61B-86608E85C6CC}.Ad-Hoc|iPhoneSimulator.Deploy.0 = Debug|Any CPU
		{211BBD4B-91A6-492C-B61B-86608E85C6CC}.Ad-Hoc|x64.ActiveCfg = Debug|Any CPU
		{211BBD4B-91A6-492C-B61B-86608E85C6CC}.Ad-Hoc|x64.Build.0 = Debug|Any CPU
		{211BBD4B-91A6-492C-B61B-86608E85C6CC}.Ad-Hoc|x64.Deploy.0 = Debug|Any CPU
		{211BBD4B-91A6-492C-B61B-86608E85C6CC}.Ad-Hoc|x86.ActiveCfg = Debug|Any CPU
		{211BBD4B-91A6-492C-B61B-86608E85C6CC}.Ad-Hoc|x86.Build.0 = Debug|Any CPU
		{211BBD4B-91A6-492C-B61B-86608E85C6CC}.Ad-Hoc|x86.Deploy.0 = Debug|Any CPU
		{211BBD4B-91A6-492C-B61B-86608E85C6CC}.AppStore|Any CPU.ActiveCfg = Debug|Any CPU
		{211BBD4B-91A6-492C-B61B-86608E85C6CC}.AppStore|Any CPU.Build.0 = Debug|Any CPU
		{211BBD4B-91A6-492C-B61B-86608E85C6CC}.AppStore|Any CPU.Deploy.0 = Debug|Any CPU
		{211BBD4B-91A6-492C-B61B-86608E85C6CC}.AppStore|ARM.ActiveCfg = Debug|Any CPU
		{211BBD4B-91A6-492C-B61B-86608E85C6CC}.AppStore|ARM.Build.0 = Debug|Any CPU
		{211BBD4B-91A6-492C-B61B-86608E85C6CC}.AppStore|ARM.Deploy.0 = Debug|Any CPU
		{211BBD4B-91A6-492C-B61B-86608E85C6CC}.AppStore|iPhone.ActiveCfg = Debug|Any CPU
		{211BBD4B-91A6-492C-B61B-86608E85C6CC}.AppStore|iPhone.Build.0 = Debug|Any CPU
		{211BBD4B-91A6-492C-B61B-86608E85C6CC}.AppStore|iPhone.Deploy.0 = Debug|Any CPU
		{211BBD4B-91A6-492C-B61B-86608E85C6CC}.AppStore|iPhoneSimulator.ActiveCfg = Debug|Any CPU
		{211BBD4B-91A6-492C-B61B-86608E85C6CC}.AppStore|iPhoneSimulator.Build.0 = Debug|Any CPU
		{211BBD4B-91A6-492C-B61B-86608E85C6CC}.AppStore|iPhoneSimulator.Deploy.0 = Debug|Any CPU
		{211BBD4B-91A6-492C-B61B-86608E85C6CC}.AppStore|x64.ActiveCfg = Debug|Any CPU
		{211BBD4B-91A6-492C-B61B-86608E85C6CC}.AppStore|x64.Build.0 = Debug|Any CPU
		{211BBD4B-91A6-492C-B61B-86608E85C6CC}.AppStore|x64.Deploy.0 = Debug|Any CPU
		{211BBD4B-91A6-492C-B61B-86608E85C6CC}.AppStore|x86.ActiveCfg = Debug|Any CPU
		{211BBD4B-91A6-492C-B61B-86608E85C6CC}.AppStore|x86.Build.0 = Debug|Any CPU
		{211BBD4B-91A6-492C-B61B-86608E85C6CC}.AppStore|x86.Deploy.0 = Debug|Any CPU
		{211BBD4B-91A6-492C-B61B-86608E85C6CC}.Debug|Any CPU.ActiveCfg = Debug|Any CPU
		{211BBD4B-91A6-492C-B61B-86608E85C6CC}.Debug|Any CPU.Build.0 = Debug|Any CPU
		{211BBD4B-91A6-492C-B61B-86608E85C6CC}.Debug|Any CPU.Deploy.0 = Debug|Any CPU
		{211BBD4B-91A6-492C-B61B-86608E85C6CC}.Debug|ARM.ActiveCfg = Debug|Any CPU
		{211BBD4B-91A6-492C-B61B-86608E85C6CC}.Debug|ARM.Build.0 = Debug|Any CPU
		{211BBD4B-91A6-492C-B61B-86608E85C6CC}.Debug|ARM.Deploy.0 = Debug|Any CPU
		{211BBD4B-91A6-492C-B61B-86608E85C6CC}.Debug|iPhone.ActiveCfg = Debug|Any CPU
		{211BBD4B-91A6-492C-B61B-86608E85C6CC}.Debug|iPhone.Build.0 = Debug|Any CPU
		{211BBD4B-91A6-492C-B61B-86608E85C6CC}.Debug|iPhone.Deploy.0 = Debug|Any CPU
		{211BBD4B-91A6-492C-B61B-86608E85C6CC}.Debug|iPhoneSimulator.ActiveCfg = Debug|Any CPU
		{211BBD4B-91A6-492C-B61B-86608E85C6CC}.Debug|iPhoneSimulator.Build.0 = Debug|Any CPU
		{211BBD4B-91A6-492C-B61B-86608E85C6CC}.Debug|iPhoneSimulator.Deploy.0 = Debug|Any CPU
		{211BBD4B-91A6-492C-B61B-86608E85C6CC}.Debug|x64.ActiveCfg = Debug|Any CPU
		{211BBD4B-91A6-492C-B61B-86608E85C6CC}.Debug|x64.Build.0 = Debug|Any CPU
		{211BBD4B-91A6-492C-B61B-86608E85C6CC}.Debug|x64.Deploy.0 = Debug|Any CPU
		{211BBD4B-91A6-492C-B61B-86608E85C6CC}.Debug|x86.ActiveCfg = Debug|Any CPU
		{211BBD4B-91A6-492C-B61B-86608E85C6CC}.Debug|x86.Build.0 = Debug|Any CPU
		{211BBD4B-91A6-492C-B61B-86608E85C6CC}.Debug|x86.Deploy.0 = Debug|Any CPU
		{211BBD4B-91A6-492C-B61B-86608E85C6CC}.Release|Any CPU.ActiveCfg = Release|Any CPU
		{211BBD4B-91A6-492C-B61B-86608E85C6CC}.Release|Any CPU.Build.0 = Release|Any CPU
		{211BBD4B-91A6-492C-B61B-86608E85C6CC}.Release|Any CPU.Deploy.0 = Release|Any CPU
		{211BBD4B-91A6-492C-B61B-86608E85C6CC}.Release|ARM.ActiveCfg = Release|Any CPU
		{211BBD4B-91A6-492C-B61B-86608E85C6CC}.Release|ARM.Build.0 = Release|Any CPU
		{211BBD4B-91A6-492C-B61B-86608E85C6CC}.Release|ARM.Deploy.0 = Release|Any CPU
		{211BBD4B-91A6-492C-B61B-86608E85C6CC}.Release|iPhone.ActiveCfg = Release|Any CPU
		{211BBD4B-91A6-492C-B61B-86608E85C6CC}.Release|iPhone.Build.0 = Release|Any CPU
		{211BBD4B-91A6-492C-B61B-86608E85C6CC}.Release|iPhone.Deploy.0 = Release|Any CPU
		{211BBD4B-91A6-492C-B61B-86608E85C6CC}.Release|iPhoneSimulator.ActiveCfg = Release|Any CPU
		{211BBD4B-91A6-492C-B61B-86608E85C6CC}.Release|iPhoneSimulator.Build.0 = Release|Any CPU
		{211BBD4B-91A6-492C-B61B-86608E85C6CC}.Release|iPhoneSimulator.Deploy.0 = Release|Any CPU
		{211BBD4B-91A6-492C-B61B-86608E85C6CC}.Release|x64.ActiveCfg = Release|Any CPU
		{211BBD4B-91A6-492C-B61B-86608E85C6CC}.Release|x64.Build.0 = Release|Any CPU
		{211BBD4B-91A6-492C-B61B-86608E85C6CC}.Release|x64.Deploy.0 = Release|Any CPU
		{211BBD4B-91A6-492C-B61B-86608E85C6CC}.Release|x86.ActiveCfg = Release|Any CPU
		{211BBD4B-91A6-492C-B61B-86608E85C6CC}.Release|x86.Build.0 = Release|Any CPU
		{211BBD4B-91A6-492C-B61B-86608E85C6CC}.Release|x86.Deploy.0 = Release|Any CPU
	EndGlobalSection
	GlobalSection(SolutionProperties) = preSolution
		HideSolutionNode = FALSE
	EndGlobalSection
	GlobalSection(ExtensibilityGlobals) = postSolution
		SolutionGuid = {AF17A93D-84CF-4641-B637-7D9D58DD8D58}
	EndGlobalSection
EndGlobal
